
Microsoft Visual Studio Solution File, Format Version 12.00
# Visual Studio Version 16
VisualStudioVersion = 16.0.31410.357
MinimumVisualStudioVersion = 10.0.40219.1
Project("{FAE04EC0-301F-11D3-BF4B-00C04F79EFBC}") = "BuilderDessignPatternExample", "BuilderDessignPatternExample\BuilderDessignPatternExample.csproj", "{64B0406B-8F00-40F3-838E-11C8C60F840A}"
EndProject
Global
	GlobalSection(SolutionConfigurationPlatforms) = preSolution
		Debug|Any CPU = Debug|Any CPU
		Release|Any CPU = Release|Any CPU
	EndGlobalSection
	GlobalSection(ProjectConfigurationPlatforms) = postSolution
		{64B0406B-8F00-40F3-838E-11C8C60F840A}.Debug|Any CPU.ActiveCfg = Debug|Any CPU
		{64B0406B-8F00-40F3-838E-11C8C60F840A}.Debug|Any CPU.Build.0 = Debug|Any CPU
		{64B0406B-8F00-40F3-838E-11C8C60F840A}.Release|Any CPU.ActiveCfg = Release|Any CPU
		{64B0406B-8F00-40F3-838E-11C8C60F840A}.Release|Any CPU.Build.0 = Release|Any CPU
	EndGlobalSection
	GlobalSection(SolutionProperties) = preSolution
		HideSolutionNode = FALSE
	EndGlobalSection
	GlobalSection(ExtensibilityGlobals) = postSolution
		SolutionGuid = {82AD606B-500B-497F-9614-0649E722E217}
	EndGlobalSection
EndGlobal
